// !$*UTF8*$!
{
	archiveVersion = 1;
	classes = {
	};
	objectVersion = 50;
	objects = {

/* Begin PBXBuildFile section */
		1161E4E322609CDA009C63DC /* AppDelegate.swift in Sources */ = {isa = PBXBuildFile; fileRef = 1161E4E222609CDA009C63DC /* AppDelegate.swift */; };
		1161E4E522609CDA009C63DC /* ViewController.swift in Sources */ = {isa = PBXBuildFile; fileRef = 1161E4E422609CDA009C63DC /* ViewController.swift */; };
		1161E4E822609CDB009C63DC /* Main.storyboard in Resources */ = {isa = PBXBuildFile; fileRef = 1161E4E622609CDB009C63DC /* Main.storyboard */; };
		1161E4EA22609CDD009C63DC /* Assets.xcassets in Resources */ = {isa = PBXBuildFile; fileRef = 1161E4E922609CDD009C63DC /* Assets.xcassets */; };
		1161E4F722609F8C009C63DC /* GoogleApiHelper.swift in Sources */ = {isa = PBXBuildFile; fileRef = 1161E4F622609F8C009C63DC /* GoogleApiHelper.swift */; };
		1197D70622A4F581007ED9DE /* LaunchScreen.storyboard in Resources */ = {isa = PBXBuildFile; fileRef = 1197D70522A4F581007ED9DE /* LaunchScreen.storyboard */; };
		11D317E322A6975A00CC35D1 /* GoogleApiHelper+Nearby.swift in Sources */ = {isa = PBXBuildFile; fileRef = 11D317E222A6975A00CC35D1 /* GoogleApiHelper+Nearby.swift */; };
		11D317E522A6978100CC35D1 /* NearByEnum.swift in Sources */ = {isa = PBXBuildFile; fileRef = 11D317E422A6978100CC35D1 /* NearByEnum.swift */; };
/* End PBXBuildFile section */

/* Begin PBXFileReference section */
		1161E4DF22609CDA009C63DC /* Google Api.app */ = {isa = PBXFileReference; explicitFileType = wrapper.application; includeInIndex = 0; path = "Google Api.app"; sourceTree = BUILT_PRODUCTS_DIR; };
		1161E4E222609CDA009C63DC /* AppDelegate.swift */ = {isa = PBXFileReference; lastKnownFileType = sourcecode.swift; path = AppDelegate.swift; sourceTree = "<group>"; };
		1161E4E422609CDA009C63DC /* ViewController.swift */ = {isa = PBXFileReference; lastKnownFileType = sourcecode.swift; path = ViewController.swift; sourceTree = "<group>"; };
		1161E4E722609CDB009C63DC /* Base */ = {isa = PBXFileReference; lastKnownFileType = file.storyboard; name = Base; path = Base.lproj/Main.storyboard; sourceTree = "<group>"; };
		1161E4E922609CDD009C63DC /* Assets.xcassets */ = {isa = PBXFileReference; lastKnownFileType = folder.assetcatalog; path = Assets.xcassets; sourceTree = "<group>"; };
		1161E4EE22609CDD009C63DC /* Info.plist */ = {isa = PBXFileReference; lastKnownFileType = text.plist.xml; path = Info.plist; sourceTree = "<group>"; };
		1161E4F622609F8C009C63DC /* GoogleApiHelper.swift */ = {isa = PBXFileReference; lastKnownFileType = sourcecode.swift; path = GoogleApiHelper.swift; sourceTree = "<group>"; };
		1197D70522A4F581007ED9DE /* LaunchScreen.storyboard */ = {isa = PBXFileReference; fileEncoding = 4; lastKnownFileType = file.storyboard; path = LaunchScreen.storyboard; sourceTree = "<group>"; };
		11D317E222A6975A00CC35D1 /* GoogleApiHelper+Nearby.swift */ = {isa = PBXFileReference; lastKnownFileType = sourcecode.swift; path = "GoogleApiHelper+Nearby.swift"; sourceTree = "<group>"; };
		11D317E422A6978100CC35D1 /* NearByEnum.swift */ = {isa = PBXFileReference; fileEncoding = 4; lastKnownFileType = sourcecode.swift; path = NearByEnum.swift; sourceTree = "<group>"; };
/* End PBXFileReference section */

/* Begin PBXFrameworksBuildPhase section */
		1161E4DC22609CDA009C63DC /* Frameworks */ = {
			isa = PBXFrameworksBuildPhase;
			buildActionMask = 2147483647;
			files = (
			);
			runOnlyForDeploymentPostprocessing = 0;
		};
/* End PBXFrameworksBuildPhase section */

/* Begin PBXGroup section */
		1161E4D622609CDA009C63DC = {
			isa = PBXGroup;
			children = (
				1161E4E122609CDA009C63DC /* Google Api */,
				1161E4E022609CDA009C63DC /* Products */,
			);
			sourceTree = "<group>";
		};
		1161E4E022609CDA009C63DC /* Products */ = {
			isa = PBXGroup;
			children = (
				1161E4DF22609CDA009C63DC /* Google Api.app */,
			);
			name = Products;
			sourceTree = "<group>";
		};
		1161E4E122609CDA009C63DC /* Google Api */ = {
			isa = PBXGroup;
			children = (
				1161E4E222609CDA009C63DC /* AppDelegate.swift */,
				1161E4E422609CDA009C63DC /* ViewController.swift */,
				11D317E122A6973600CC35D1 /* Source */,
				1161E4E622609CDB009C63DC /* Main.storyboard */,
				1197D70522A4F581007ED9DE /* LaunchScreen.storyboard */,
				1161E4E922609CDD009C63DC /* Assets.xcassets */,
				1161E4EE22609CDD009C63DC /* Info.plist */,
			);
			path = "Google Api";
			sourceTree = "<group>";
		};
		11D317E122A6973600CC35D1 /* Source */ = {
			isa = PBXGroup;
			children = (
				1161E4F622609F8C009C63DC /* GoogleApiHelper.swift */,
				11D317E222A6975A00CC35D1 /* GoogleApiHelper+Nearby.swift */,
				11D317E422A6978100CC35D1 /* NearByEnum.swift */,
			);
			path = Source;
			sourceTree = "<group>";
		};
/* End PBXGroup section */

/* Begin PBXNativeTarget section */
		1161E4DE22609CDA009C63DC /* Google Api */ = {
			isa = PBXNativeTarget;
			buildConfigurationList = 1161E4F122609CDD009C63DC /* Build configuration list for PBXNativeTarget "Google Api" */;
			buildPhases = (
				1161E4DB22609CDA009C63DC /* Sources */,
				1161E4DC22609CDA009C63DC /* Frameworks */,
				1161E4DD22609CDA009C63DC /* Resources */,
			);
			buildRules = (
			);
			dependencies = (
			);
			name = "Google Api";
			productName = "Google Api";
			productReference = 1161E4DF22609CDA009C63DC /* Google Api.app */;
			productType = "com.apple.product-type.application";
		};
/* End PBXNativeTarget section */

/* Begin PBXProject section */
		1161E4D722609CDA009C63DC /* Project object */ = {
			isa = PBXProject;
			attributes = {
				LastSwiftUpdateCheck = 1000;
				LastUpgradeCheck = 1000;
				ORGANIZATIONNAME = "Dream begin";
				TargetAttributes = {
					1161E4DE22609CDA009C63DC = {
						CreatedOnToolsVersion = 10.0;
					};
				};
			};
			buildConfigurationList = 1161E4DA22609CDA009C63DC /* Build configuration list for PBXProject "Google Api" */;
			compatibilityVersion = "Xcode 9.3";
			developmentRegion = en;
			hasScannedForEncodings = 0;
			knownRegions = (
				en,
				Base,
			);
			mainGroup = 1161E4D622609CDA009C63DC;
			productRefGroup = 1161E4E022609CDA009C63DC /* Products */;
			projectDirPath = "";
			projectRoot = "";
			targets = (
				1161E4DE22609CDA009C63DC /* Google Api */,
			);
		};
/* End PBXProject section */

/* Begin PBXResourcesBuildPhase section */
		1161E4DD22609CDA009C63DC /* Resources */ = {
			isa = PBXResourcesBuildPhase;
			buildActionMask = 2147483647;
			files = (
				1197D70622A4F581007ED9DE /* LaunchScreen.storyboard in Resources */,
				1161E4EA22609CDD009C63DC /* Assets.xcassets in Resources */,
				1161E4E822609CDB009C63DC /* Main.storyboard in Resources */,
			);
			runOnlyForDeploymentPostprocessing = 0;
		};
/* End PBXResourcesBuildPhase section */

/* Begin PBXSourcesBuildPhase section */
		1161E4DB22609CDA009C63DC /* Sources */ = {
			isa = PBXSourcesBuildPhase;
			buildActionMask = 2147483647;
			files = (
				1161E4E522609CDA009C63DC /* ViewController.swift in Sources */,
				1161E4E322609CDA009C63DC /* AppDelegate.swift in Sources */,
				11D317E322A6975A00CC35D1 /* GoogleApiHelper+Nearby.swift in Sources */,
				11D317E522A6978100CC35D1 /* NearByEnum.swift in Sources */,
				1161E4F722609F8C009C63DC /* GoogleApiHelper.swift in Sources */,
			);
			runOnlyForDeploymentPostprocessing = 0;
		};
/* End PBXSourcesBuildPhase section */

/* Begin PBXVariantGroup section */
		1161E4E622609CDB009C63DC /* Main.storyboard */ = {
			isa = PBXVariantGroup;
			children = (
				1161E4E722609CDB009C63DC /* Base */,
			);
			name = Main.storyboard;
			sourceTree = "<group>";
		};
/* End PBXVariantGroup section */

/* Begin XCBuildConfiguration section */
		1161E4EF22609CDD009C63DC /* Debug */ = {
			isa = XCBuildConfiguration;
			buildSettings = {
				ALWAYS_SEARCH_USER_PATHS = NO;
				CLANG_ANALYZER_NONNULL = YES;
				CLANG_ANALYZER_NUMBER_OBJECT_CONVERSION = YES_AGGRESSIVE;
				CLANG_CXX_LANGUAGE_STANDARD = "gnu++14";
				CLANG_CXX_LIBRARY = "libc++";
				CLANG_ENABLE_MODULES = YES;
				CLANG_ENABLE_OBJC_ARC = YES;
				CLANG_ENABLE_OBJC_WEAK = YES;
				CLANG_WARN_BLOCK_CAPTURE_AUTORELEASING = YES;
				CLANG_WARN_BOOL_CONVERSION = YES;
				CLANG_WARN_COMMA = YES;
				CLANG_WARN_CONSTANT_CONVERSION = YES;
				CLANG_WARN_DEPRECATED_OBJC_IMPLEMENTATIONS = YES;
				CLANG_WARN_DIRECT_OBJC_ISA_USAGE = YES_ERROR;
				CLANG_WARN_DOCUMENTATION_COMMENTS = YES;
				CLANG_WARN_EMPTY_BODY = YES;
				CLANG_WARN_ENUM_CONVERSION = YES;
				CLANG_WARN_INFINITE_RECURSION = YES;
				CLANG_WARN_INT_CONVERSION = YES;
				CLANG_WARN_NON_LITERAL_NULL_CONVERSION = YES;
				CLANG_WARN_OBJC_IMPLICIT_RETAIN_SELF = YES;
				CLANG_WARN_OBJC_LITERAL_CONVERSION = YES;
				CLANG_WARN_OBJC_ROOT_CLASS = YES_ERROR;
				CLANG_WARN_RANGE_LOOP_ANALYSIS = YES;
				CLANG_WARN_STRICT_PROTOTYPES = YES;
				CLANG_WARN_SUSPICIOUS_MOVE = YES;
				CLANG_WARN_UNGUARDED_AVAILABILITY = YES_AGGRESSIVE;
				CLANG_WARN_UNREACHABLE_CODE = YES;
				CLANG_WARN__DUPLICATE_METHOD_MATCH = YES;
				CODE_SIGN_IDENTITY = "iPhone Developer";
				COPY_PHASE_STRIP = NO;
				DEBUG_INFORMATION_FORMAT = dwarf;
				ENABLE_STRICT_OBJC_MSGSEND = YES;
				ENABLE_TESTABILITY = YES;
				GCC_C_LANGUAGE_STANDARD = gnu11;
				GCC_DYNAMIC_NO_PIC = NO;
				GCC_NO_COMMON_BLOCKS = YES;
				GCC_OPTIMIZATION_LEVEL = 0;
				GCC_PREPROCESSOR_DEFINITIONS = (
					"DEBUG=1",
					"$(inherited)",
				);
				GCC_WARN_64_TO_32_BIT_CONVERSION = YES;
				GCC_WARN_ABOUT_RETURN_TYPE = YES_ERROR;
				GCC_WARN_UNDECLARED_SELECTOR = YES;
				GCC_WARN_UNINITIALIZED_AUTOS = YES_AGGRESSIVE;
				GCC_WARN_UNUSED_FUNCTION = YES;
				GCC_WARN_UNUSED_VARIABLE = YES;
				IPHONEOS_DEPLOYMENT_TARGET = 12.0;
				MTL_ENABLE_DEBUG_INFO = INCLUDE_SOURCE;
				MTL_FAST_MATH = YES;
				ONLY_ACTIVE_ARCH = YES;
				SDKROOT = iphoneos;
				SWIFT_ACTIVE_COMPILATION_CONDITIONS = DEBUG;
				SWIFT_OPTIMIZATION_LEVEL = "-Onone";
			};
			name = Debug;
		};
		1161E4F022609CDD009C63DC /* Release */ = {
			isa = XCBuildConfiguration;
			buildSettings = {
				ALWAYS_SEARCH_USER_PATHS = NO;
				CLANG_ANALYZER_NONNULL = YES;
				CLANG_ANALYZER_NUMBER_OBJECT_CONVERSION = YES_AGGRESSIVE;
				CLANG_CXX_LANGUAGE_STANDARD = "gnu++14";
				CLANG_CXX_LIBRARY = "libc++";
				CLANG_ENABLE_MODULES = YES;
				CLANG_ENABLE_OBJC_ARC = YES;
				CLANG_ENABLE_OBJC_WEAK = YES;
				CLANG_WARN_BLOCK_CAPTURE_AUTORELEASING = YES;
				CLANG_WARN_BOOL_CONVERSION = YES;
				CLANG_WARN_COMMA = YES;
				CLANG_WARN_CONSTANT_CONVERSION = YES;
				CLANG_WARN_DEPRECATED_OBJC_IMPLEMENTATIONS = YES;
				CLANG_WARN_DIRECT_OBJC_ISA_USAGE = YES_ERROR;
				CLANG_WARN_DOCUMENTATION_COMMENTS = YES;
				CLANG_WARN_EMPTY_BODY = YES;
				CLANG_WARN_ENUM_CONVERSION = YES;
				CLANG_WARN_INFINITE_RECURSION = YES;
				CLANG_WARN_INT_CONVERSION = YES;
				CLANG_WARN_NON_LITERAL_NULL_CONVERSION = YES;
				CLANG_WARN_OBJC_IMPLICIT_RETAIN_SELF = YES;
				CLANG_WARN_OBJC_LITERAL_CONVERSION = YES;
				CLANG_WARN_OBJC_ROOT_CLASS = YES_ERROR;
				CLANG_WARN_RANGE_LOOP_ANALYSIS = YES;
				CLANG_WARN_STRICT_PROTOTYPES = YES;
				CLANG_WARN_SUSPICIOUS_MOVE = YES;
				CLANG_WARN_UNGUARDED_AVAILABILITY = YES_AGGRESSIVE;
				CLANG_WARN_UNREACHABLE_CODE = YES;
				CLANG_WARN__DUPLICATE_METHOD_MATCH = YES;
				CODE_SIGN_IDENTITY = "iPhone Developer";
				COPY_PHASE_STRIP = NO;
				DEBUG_INFORMATION_FORMAT = "dwarf-with-dsym";
				ENABLE_NS_ASSERTIONS = NO;
				ENABLE_STRICT_OBJC_MSGSEND = YES;
				GCC_C_LANGUAGE_STANDARD = gnu11;
				GCC_NO_COMMON_BLOCKS = YES;
				GCC_WARN_64_TO_32_BIT_CONVERSION = YES;
				GCC_WARN_ABOUT_RETURN_TYPE = YES_ERROR;
				GCC_WARN_UNDECLARED_SELECTOR = YES;
				GCC_WARN_UNINITIALIZED_AUTOS = YES_AGGRESSIVE;
				GCC_WARN_UNUSED_FUNCTION = YES;
				GCC_WARN_UNUSED_VARIABLE = YES;
				IPHONEOS_DEPLOYMENT_TARGET = 12.0;
				MTL_ENABLE_DEBUG_INFO = NO;
				MTL_FAST_MATH = YES;
				SDKROOT = iphoneos;
				SWIFT_COMPILATION_MODE = wholemodule;
				SWIFT_OPTIMIZATION_LEVEL = "-O";
				VALIDATE_PRODUCT = YES;
			};
			name = Release;
		};
		1161E4F222609CDD009C63DC /* Debug */ = {
			isa = XCBuildConfiguration;
			buildSettings = {
				ASSETCATALOG_COMPILER_APPICON_NAME = AppIcon;
				CODE_SIGN_IDENTITY = "iPhone Developer";
				CODE_SIGN_STYLE = Manual;
				DEVELOPMENT_TEAM = "";
				INFOPLIST_FILE = "Google Api/Info.plist";
				LD_RUNPATH_SEARCH_PATHS = (
					"$(inherited)",
					"@executable_path/Frameworks",
				);
				PRODUCT_BUNDLE_IDENTIFIER = test.google.api;
				PRODUCT_NAME = "$(TARGET_NAME)";
				PROVISIONING_PROFILE_SPECIFIER = "";
				SWIFT_VERSION = 4.2;
				TARGETED_DEVICE_FAMILY = "1,2";
			};
			name = Debug;
		};
		1161E4F322609CDD009C63DC /* Release */ = {
			isa = XCBuildConfiguration;
			buildSettings = {
				ASSETCATALOG_COMPILER_APPICON_NAME = AppIcon;
				CODE_SIGN_IDENTITY = "iPhone Developer";
				CODE_SIGN_STYLE = Manual;
				DEVELOPMENT_TEAM = "";
				INFOPLIST_FILE = "Google Api/Info.plist";
				LD_RUNPATH_SEARCH_PATHS = (
					"$(inherited)",
					"@executable_path/Frameworks",
				);
				PRODUCT_BUNDLE_IDENTIFIER = test.google.api;
				PRODUCT_NAME = "$(TARGET_NAME)";
				PROVISIONING_PROFILE_SPECIFIER = "";
				SWIFT_VERSION = 4.2;
				TARGETED_DEVICE_FAMILY = "1,2";
			};
			name = Release;
		};
/* End XCBuildConfiguration section */

/* Begin XCConfigurationList section */
		1161E4DA22609CDA009C63DC /* Build configuration list for PBXProject "Google Api" */ = {
			isa = XCConfigurationList;
			buildConfigurations = (
				1161E4EF22609CDD009C63DC /* Debug */,
				1161E4F022609CDD009C63DC /* Release */,
			);
			defaultConfigurationIsVisible = 0;
			defaultConfigurationName = Release;
		};
		1161E4F122609CDD009C63DC /* Build configuration list for PBXNativeTarget "Google Api" */ = {
			isa = XCConfigurationList;
			buildConfigurations = (
				1161E4F222609CDD009C63DC /* Debug */,
				1161E4F322609CDD009C63DC /* Release */,
			);
			defaultConfigurationIsVisible = 0;
			defaultConfigurationName = Release;
		};
/* End XCConfigurationList section */
	};
	rootObject = 1161E4D722609CDA009C63DC /* Project object */;
}
